{
  "name": "functions",
  "version": "1.0.0",
  "lockfileVersion": 3,
  "requires": true,
  "packages": {
    "": {
      "name": "functions",
      "version": "1.0.0",
      "license": "ISC",
      "dependencies": {
        "@huggingface/inference": "^4.5.1",
        "dotenv": "^17.2.0"
      }
    },
    "node_modules/@huggingface/inference": {
      "version": "4.5.1",
      "resolved": "https://registry.npmjs.org/@huggingface/inference/-/inference-4.5.1.tgz",
      "integrity": "sha512-eMuugf8LfyqRyZxcdXH2sTk2Isb7+2B1lxHwdmHAOfaclfoNDC/OegZZ12Fp61WdgTXr+R/gM7oATMr3HXlN2g==",
      "license": "MIT",
      "dependencies": {
        "@huggingface/jinja": "^0.5.1",
        "@huggingface/tasks": "^0.19.23"
      },
      "engines": {
        "node": ">=18"
      }
    },
    "node_modules/@huggingface/jinja": {
      "version": "0.5.1",
      "resolved": "https://registry.npmjs.org/@huggingface/jinja/-/jinja-0.5.1.tgz",
      "integrity": "sha512-yUZLld4lrM9iFxHCwFQ7D1HW2MWMwSbeB7WzWqFYDWK+rEb+WldkLdAJxUPOmgICMHZLzZGVcVjFh3w/YGubng==",
      "license": "MIT",
      "engines": {
        "node": ">=18"
      }
    },
    "node_modules/@huggingface/tasks": {
      "version": "0.19.23",
      "resolved": "https://registry.npmjs.org/@huggingface/tasks/-/tasks-0.19.23.tgz",
      "integrity": "sha512-akJDLpcgf1rz+9ddH8cA+JdpSU6aDiStV59JoaMeMuni8g5Q0tbgbFBxW1Jnm/m7LENy5UumtbS6Ie36havZmQ==",
      "license": "MIT"
    },
    "node_modules/dotenv": {
      "version": "17.2.0",
      "resolved": "https://registry.npmjs.org/dotenv/-/dotenv-17.2.0.tgz",
      "integrity": "sha512-Q4sgBT60gzd0BB0lSyYD3xM4YxrXA9y4uBDof1JNYGzOXrQdQ6yX+7XIAqoFOGQFOTK1D3Hts5OllpxMDZFONQ==",
      "license": "BSD-2-Clause",
      "engines": {
        "node": ">=12"
      },
      "funding": {
        "url": "https://dotenvx.com"
      }
    }
  }
}
